# This file is automatically @generated by Cargo.
# It is not intended for manual editing.
version = 3

[[package]]
name = "sqare-series-crate"
version = "0.1.0"
source = "registry+https://github.com/rust-lang/crates.io-index"
checksum = "2c674413153c255efeb466c562af0029de95593ed94475d3be671b9574be2091"

[[package]]
name = "test_my_crate"
version = "0.1.0"
dependencies = [
 "sqare-series-crate",
]
