# This file is automatically @generated by Cargo.
# It is not intended for manual editing.
version = 3

[[package]]
name = "formula_3d_shape_lib"
version = "0.1.1"
source = "registry+https://github.com/rust-lang/crates.io-index"
checksum = "1d27da94b319b595cd14918d24ef284b8726117704160070dd625cf39efa01d6"

[[package]]
name = "shape_3d_formula_lib_test"
version = "0.1.0"
dependencies = [
 "formula_3d_shape_lib",
]
